
Microsoft Visual Studio Solution File, Format Version 11.00
# Visual Studio 2010
Project("{8BC9CEB8-8B4A-11D0-8D11-00A0C91BC942}") = "svm-predict", "svm\svm-predict.vcxproj", "{4ECE8633-B5B5-48CE-AB86-91024AAA1567}"
EndProject
Project("{8BC9CEB8-8B4A-11D0-8D11-00A0C91BC942}") = "svm-scale", "svm\svm-scale.vcxproj", "{00FA79D1-D599-4D7C-B854-3226DFC21AFA}"
EndProject
Project("{8BC9CEB8-8B4A-11D0-8D11-00A0C91BC942}") = "svm-toy", "svm\svm-toy.vcxproj", "{F26B2782-1129-4576-BF71-0DB9922D73ED}"
EndProject
Project("{8BC9CEB8-8B4A-11D0-8D11-00A0C91BC942}") = "svm-lib", "svm\svm-lib.vcxproj", "{A3C58512-349E-4E3B-B953-3798E5A98A08}"
EndProject
Project("{8BC9CEB8-8B4A-11D0-8D11-00A0C91BC942}") = "svm-train", "svm\svm-train.vcxproj", "{33A8F948-E158-4894-B1E5-7AB34246AD87}"
EndProject
Project("{8BC9CEB8-8B4A-11D0-8D11-00A0C91BC942}") = "linear-predict", "linear\linear-predict.vcxproj", "{3B66C011-37DB-4076-AC80-4754E0C72A4C}"
EndProject
Project("{8BC9CEB8-8B4A-11D0-8D11-00A0C91BC942}") = "linear-train", "linear\linear-train.vcxproj", "{71E6CCF6-1402-41C7-BE4A-1E15EFAAE89B}"
EndProject
Project("{8BC9CEB8-8B4A-11D0-8D11-00A0C91BC942}") = "linear-toy", "linear\linear-toy.vcxproj", "{2369CA9A-A2BA-4415-8FA4-47777146C6BF}"
EndProject
Project("{2150E333-8FDC-42A3-9474-1A3956D46DE8}") = "linear", "linear", "{1A980F58-0A2C-4BC6-AB3D-309AE547208F}"
EndProject
Project("{2150E333-8FDC-42A3-9474-1A3956D46DE8}") = "svm", "svm", "{A04EA681-8B84-47A2-BD90-16C0EAE6322D}"
EndProject
Project("{2150E333-8FDC-42A3-9474-1A3956D46DE8}") = "linear-poly2", "linear-poly2", "{B49D3ECE-D90B-4E95-B3CA-EF6E613FBA82}"
EndProject
Project("{8BC9CEB8-8B4A-11D0-8D11-00A0C91BC942}") = "linear-ploy2-train", "linear-poly2\linear-ploy2-train.vcxproj", "{AED7156E-DEF4-4624-8335-AAE9F1ED6001}"
EndProject
Project("{8BC9CEB8-8B4A-11D0-8D11-00A0C91BC942}") = "linear-poly2-predict", "linear-poly2\linear-poly2-predict.vcxproj", "{A4C36DAB-74A8-4138-ADEF-134D7B20BFFB}"
EndProject
Project("{8BC9CEB8-8B4A-11D0-8D11-00A0C91BC942}") = "linear-poly2-toy", "linear-poly2\linear-poly2-toy.vcxproj", "{493C3990-512B-429E-9DAB-30C13F8EB991}"
EndProject
Project("{2150E333-8FDC-42A3-9474-1A3956D46DE8}") = "svm-dense", "svm-dense", "{1AA11856-0863-4493-B0CF-CDD7F6F4A146}"
EndProject
Project("{8BC9CEB8-8B4A-11D0-8D11-00A0C91BC942}") = "svm-dense-predict", "svm-dense\svm-dense-predict.vcxproj", "{0767D939-CB35-4121-8207-58A30BB2C605}"
EndProject
Project("{8BC9CEB8-8B4A-11D0-8D11-00A0C91BC942}") = "svm-dense-train", "svm-dense\svm-dense-train.vcxproj", "{B32E6949-FD7D-4262-AC9C-7F674E255069}"
EndProject
Project("{8BC9CEB8-8B4A-11D0-8D11-00A0C91BC942}") = "svm-dense-toy", "svm-dense\svm-dense-toy.vcxproj", "{AD714546-53F1-4842-9418-DAB7BF56C82B}"
EndProject
Project("{2150E333-8FDC-42A3-9474-1A3956D46DE8}") = "linear-weights", "linear-weights", "{0E078D53-00BF-4844-AE1B-5C5D1146624E}"
EndProject
Project("{8BC9CEB8-8B4A-11D0-8D11-00A0C91BC942}") = "linear-weights-predict", "linear-weights\linear-weights-predict.vcxproj", "{9FB3489C-99A2-4973-A8C6-066FE1169799}"
EndProject
Project("{8BC9CEB8-8B4A-11D0-8D11-00A0C91BC942}") = "linear-weights-toy", "linear-weights\linear-weights-toy.vcxproj", "{A97A1973-A668-4487-8100-2986925B48CB}"
EndProject
Project("{8BC9CEB8-8B4A-11D0-8D11-00A0C91BC942}") = "linear-weights-train", "linear-weights\linear-weights-train.vcxproj", "{97A4C998-152B-4590-A363-6A2A06992952}"
EndProject
Project("{2150E333-8FDC-42A3-9474-1A3956D46DE8}") = "svm-weights", "svm-weights", "{FB36DFC8-4C42-476C-96D0-339F5E800B9A}"
EndProject
Project("{8BC9CEB8-8B4A-11D0-8D11-00A0C91BC942}") = "svm-weights-predict", "svm-weights\svm-weights-predict.vcxproj", "{10FFC4F8-EE63-4BF8-A910-EF1A97783F9B}"
EndProject
Project("{8BC9CEB8-8B4A-11D0-8D11-00A0C91BC942}") = "svm-weights-toy", "svm-weights\svm-weights-toy.vcxproj", "{82E0E4A0-811B-4A88-A1DE-07F96FA8A1E2}"
EndProject
Project("{8BC9CEB8-8B4A-11D0-8D11-00A0C91BC942}") = "svm-weights-train", "svm-weights\svm-weights-train.vcxproj", "{42F8DBD7-6573-404C-9E6F-AC14474E2909}"
EndProject
Global
	GlobalSection(SolutionConfigurationPlatforms) = preSolution
		Debug|Win32 = Debug|Win32
		Release|Win32 = Release|Win32
	EndGlobalSection
	GlobalSection(ProjectConfigurationPlatforms) = postSolution
		{4ECE8633-B5B5-48CE-AB86-91024AAA1567}.Debug|Win32.ActiveCfg = Debug|Win32
		{4ECE8633-B5B5-48CE-AB86-91024AAA1567}.Debug|Win32.Build.0 = Debug|Win32
		{4ECE8633-B5B5-48CE-AB86-91024AAA1567}.Release|Win32.ActiveCfg = Release|Win32
		{4ECE8633-B5B5-48CE-AB86-91024AAA1567}.Release|Win32.Build.0 = Release|Win32
		{00FA79D1-D599-4D7C-B854-3226DFC21AFA}.Debug|Win32.ActiveCfg = Debug|Win32
		{00FA79D1-D599-4D7C-B854-3226DFC21AFA}.Debug|Win32.Build.0 = Debug|Win32
		{00FA79D1-D599-4D7C-B854-3226DFC21AFA}.Release|Win32.ActiveCfg = Release|Win32
		{00FA79D1-D599-4D7C-B854-3226DFC21AFA}.Release|Win32.Build.0 = Release|Win32
		{F26B2782-1129-4576-BF71-0DB9922D73ED}.Debug|Win32.ActiveCfg = Debug|Win32
		{F26B2782-1129-4576-BF71-0DB9922D73ED}.Debug|Win32.Build.0 = Debug|Win32
		{F26B2782-1129-4576-BF71-0DB9922D73ED}.Release|Win32.ActiveCfg = Release|Win32
		{F26B2782-1129-4576-BF71-0DB9922D73ED}.Release|Win32.Build.0 = Release|Win32
		{A3C58512-349E-4E3B-B953-3798E5A98A08}.Debug|Win32.ActiveCfg = Debug|Win32
		{A3C58512-349E-4E3B-B953-3798E5A98A08}.Debug|Win32.Build.0 = Debug|Win32
		{A3C58512-349E-4E3B-B953-3798E5A98A08}.Release|Win32.ActiveCfg = Release|Win32
		{A3C58512-349E-4E3B-B953-3798E5A98A08}.Release|Win32.Build.0 = Release|Win32
		{33A8F948-E158-4894-B1E5-7AB34246AD87}.Debug|Win32.ActiveCfg = Debug|Win32
		{33A8F948-E158-4894-B1E5-7AB34246AD87}.Debug|Win32.Build.0 = Debug|Win32
		{33A8F948-E158-4894-B1E5-7AB34246AD87}.Release|Win32.ActiveCfg = Release|Win32
		{33A8F948-E158-4894-B1E5-7AB34246AD87}.Release|Win32.Build.0 = Release|Win32
		{3B66C011-37DB-4076-AC80-4754E0C72A4C}.Debug|Win32.ActiveCfg = Debug|Win32
		{3B66C011-37DB-4076-AC80-4754E0C72A4C}.Debug|Win32.Build.0 = Debug|Win32
		{3B66C011-37DB-4076-AC80-4754E0C72A4C}.Release|Win32.ActiveCfg = Release|Win32
		{3B66C011-37DB-4076-AC80-4754E0C72A4C}.Release|Win32.Build.0 = Release|Win32
		{71E6CCF6-1402-41C7-BE4A-1E15EFAAE89B}.Debug|Win32.ActiveCfg = Debug|Win32
		{71E6CCF6-1402-41C7-BE4A-1E15EFAAE89B}.Debug|Win32.Build.0 = Debug|Win32
		{71E6CCF6-1402-41C7-BE4A-1E15EFAAE89B}.Release|Win32.ActiveCfg = Release|Win32
		{71E6CCF6-1402-41C7-BE4A-1E15EFAAE89B}.Release|Win32.Build.0 = Release|Win32
		{2369CA9A-A2BA-4415-8FA4-47777146C6BF}.Debug|Win32.ActiveCfg = Debug|Win32
		{2369CA9A-A2BA-4415-8FA4-47777146C6BF}.Debug|Win32.Build.0 = Debug|Win32
		{2369CA9A-A2BA-4415-8FA4-47777146C6BF}.Release|Win32.ActiveCfg = Release|Win32
		{2369CA9A-A2BA-4415-8FA4-47777146C6BF}.Release|Win32.Build.0 = Release|Win32
		{AED7156E-DEF4-4624-8335-AAE9F1ED6001}.Debug|Win32.ActiveCfg = Debug|Win32
		{AED7156E-DEF4-4624-8335-AAE9F1ED6001}.Debug|Win32.Build.0 = Debug|Win32
		{AED7156E-DEF4-4624-8335-AAE9F1ED6001}.Release|Win32.ActiveCfg = Release|Win32
		{AED7156E-DEF4-4624-8335-AAE9F1ED6001}.Release|Win32.Build.0 = Release|Win32
		{A4C36DAB-74A8-4138-ADEF-134D7B20BFFB}.Debug|Win32.ActiveCfg = Debug|Win32
		{A4C36DAB-74A8-4138-ADEF-134D7B20BFFB}.Debug|Win32.Build.0 = Debug|Win32
		{A4C36DAB-74A8-4138-ADEF-134D7B20BFFB}.Release|Win32.ActiveCfg = Release|Win32
		{A4C36DAB-74A8-4138-ADEF-134D7B20BFFB}.Release|Win32.Build.0 = Release|Win32
		{493C3990-512B-429E-9DAB-30C13F8EB991}.Debug|Win32.ActiveCfg = Debug|Win32
		{493C3990-512B-429E-9DAB-30C13F8EB991}.Debug|Win32.Build.0 = Debug|Win32
		{493C3990-512B-429E-9DAB-30C13F8EB991}.Release|Win32.ActiveCfg = Release|Win32
		{493C3990-512B-429E-9DAB-30C13F8EB991}.Release|Win32.Build.0 = Release|Win32
		{0767D939-CB35-4121-8207-58A30BB2C605}.Debug|Win32.ActiveCfg = Debug|Win32
		{0767D939-CB35-4121-8207-58A30BB2C605}.Debug|Win32.Build.0 = Debug|Win32
		{0767D939-CB35-4121-8207-58A30BB2C605}.Release|Win32.ActiveCfg = Release|Win32
		{0767D939-CB35-4121-8207-58A30BB2C605}.Release|Win32.Build.0 = Release|Win32
		{B32E6949-FD7D-4262-AC9C-7F674E255069}.Debug|Win32.ActiveCfg = Debug|Win32
		{B32E6949-FD7D-4262-AC9C-7F674E255069}.Debug|Win32.Build.0 = Debug|Win32
		{B32E6949-FD7D-4262-AC9C-7F674E255069}.Release|Win32.ActiveCfg = Release|Win32
		{B32E6949-FD7D-4262-AC9C-7F674E255069}.Release|Win32.Build.0 = Release|Win32
		{AD714546-53F1-4842-9418-DAB7BF56C82B}.Debug|Win32.ActiveCfg = Debug|Win32
		{AD714546-53F1-4842-9418-DAB7BF56C82B}.Debug|Win32.Build.0 = Debug|Win32
		{AD714546-53F1-4842-9418-DAB7BF56C82B}.Release|Win32.ActiveCfg = Release|Win32
		{AD714546-53F1-4842-9418-DAB7BF56C82B}.Release|Win32.Build.0 = Release|Win32
		{9FB3489C-99A2-4973-A8C6-066FE1169799}.Debug|Win32.ActiveCfg = Debug|Win32
		{9FB3489C-99A2-4973-A8C6-066FE1169799}.Debug|Win32.Build.0 = Debug|Win32
		{9FB3489C-99A2-4973-A8C6-066FE1169799}.Release|Win32.ActiveCfg = Release|Win32
		{9FB3489C-99A2-4973-A8C6-066FE1169799}.Release|Win32.Build.0 = Release|Win32
		{A97A1973-A668-4487-8100-2986925B48CB}.Debug|Win32.ActiveCfg = Debug|Win32
		{A97A1973-A668-4487-8100-2986925B48CB}.Debug|Win32.Build.0 = Debug|Win32
		{A97A1973-A668-4487-8100-2986925B48CB}.Release|Win32.ActiveCfg = Release|Win32
		{A97A1973-A668-4487-8100-2986925B48CB}.Release|Win32.Build.0 = Release|Win32
		{97A4C998-152B-4590-A363-6A2A06992952}.Debug|Win32.ActiveCfg = Debug|Win32
		{97A4C998-152B-4590-A363-6A2A06992952}.Debug|Win32.Build.0 = Debug|Win32
		{97A4C998-152B-4590-A363-6A2A06992952}.Release|Win32.ActiveCfg = Release|Win32
		{97A4C998-152B-4590-A363-6A2A06992952}.Release|Win32.Build.0 = Release|Win32
		{10FFC4F8-EE63-4BF8-A910-EF1A97783F9B}.Debug|Win32.ActiveCfg = Debug|Win32
		{10FFC4F8-EE63-4BF8-A910-EF1A97783F9B}.Debug|Win32.Build.0 = Debug|Win32
		{10FFC4F8-EE63-4BF8-A910-EF1A97783F9B}.Release|Win32.ActiveCfg = Release|Win32
		{10FFC4F8-EE63-4BF8-A910-EF1A97783F9B}.Release|Win32.Build.0 = Release|Win32
		{82E0E4A0-811B-4A88-A1DE-07F96FA8A1E2}.Debug|Win32.ActiveCfg = Debug|Win32
		{82E0E4A0-811B-4A88-A1DE-07F96FA8A1E2}.Debug|Win32.Build.0 = Debug|Win32
		{82E0E4A0-811B-4A88-A1DE-07F96FA8A1E2}.Release|Win32.ActiveCfg = Release|Win32
		{82E0E4A0-811B-4A88-A1DE-07F96FA8A1E2}.Release|Win32.Build.0 = Release|Win32
		{42F8DBD7-6573-404C-9E6F-AC14474E2909}.Debug|Win32.ActiveCfg = Debug|Win32
		{42F8DBD7-6573-404C-9E6F-AC14474E2909}.Debug|Win32.Build.0 = Debug|Win32
		{42F8DBD7-6573-404C-9E6F-AC14474E2909}.Release|Win32.ActiveCfg = Release|Win32
		{42F8DBD7-6573-404C-9E6F-AC14474E2909}.Release|Win32.Build.0 = Release|Win32
	EndGlobalSection
	GlobalSection(SolutionProperties) = preSolution
		HideSolutionNode = FALSE
	EndGlobalSection
	GlobalSection(NestedProjects) = preSolution
		{00FA79D1-D599-4D7C-B854-3226DFC21AFA} = {A04EA681-8B84-47A2-BD90-16C0EAE6322D}
		{F26B2782-1129-4576-BF71-0DB9922D73ED} = {A04EA681-8B84-47A2-BD90-16C0EAE6322D}
		{A3C58512-349E-4E3B-B953-3798E5A98A08} = {A04EA681-8B84-47A2-BD90-16C0EAE6322D}
		{33A8F948-E158-4894-B1E5-7AB34246AD87} = {A04EA681-8B84-47A2-BD90-16C0EAE6322D}
		{4ECE8633-B5B5-48CE-AB86-91024AAA1567} = {A04EA681-8B84-47A2-BD90-16C0EAE6322D}
		{71E6CCF6-1402-41C7-BE4A-1E15EFAAE89B} = {1A980F58-0A2C-4BC6-AB3D-309AE547208F}
		{2369CA9A-A2BA-4415-8FA4-47777146C6BF} = {1A980F58-0A2C-4BC6-AB3D-309AE547208F}
		{3B66C011-37DB-4076-AC80-4754E0C72A4C} = {1A980F58-0A2C-4BC6-AB3D-309AE547208F}
		{AED7156E-DEF4-4624-8335-AAE9F1ED6001} = {B49D3ECE-D90B-4E95-B3CA-EF6E613FBA82}
		{A4C36DAB-74A8-4138-ADEF-134D7B20BFFB} = {B49D3ECE-D90B-4E95-B3CA-EF6E613FBA82}
		{493C3990-512B-429E-9DAB-30C13F8EB991} = {B49D3ECE-D90B-4E95-B3CA-EF6E613FBA82}
		{0767D939-CB35-4121-8207-58A30BB2C605} = {1AA11856-0863-4493-B0CF-CDD7F6F4A146}
		{B32E6949-FD7D-4262-AC9C-7F674E255069} = {1AA11856-0863-4493-B0CF-CDD7F6F4A146}
		{AD714546-53F1-4842-9418-DAB7BF56C82B} = {1AA11856-0863-4493-B0CF-CDD7F6F4A146}
		{9FB3489C-99A2-4973-A8C6-066FE1169799} = {0E078D53-00BF-4844-AE1B-5C5D1146624E}
		{A97A1973-A668-4487-8100-2986925B48CB} = {0E078D53-00BF-4844-AE1B-5C5D1146624E}
		{97A4C998-152B-4590-A363-6A2A06992952} = {0E078D53-00BF-4844-AE1B-5C5D1146624E}
		{10FFC4F8-EE63-4BF8-A910-EF1A97783F9B} = {FB36DFC8-4C42-476C-96D0-339F5E800B9A}
		{82E0E4A0-811B-4A88-A1DE-07F96FA8A1E2} = {FB36DFC8-4C42-476C-96D0-339F5E800B9A}
		{42F8DBD7-6573-404C-9E6F-AC14474E2909} = {FB36DFC8-4C42-476C-96D0-339F5E800B9A}
	EndGlobalSection
EndGlobal
