
Microsoft Visual Studio Solution File, Format Version 11.00
# Visual Studio 2010
Project("{FAE04EC0-301F-11D3-BF4B-00C04F79EFBC}") = "WekaToy", "WekaToy.csproj", "{A3647F0B-F5DD-473C-A9AB-91B0A9F82F4C}"
EndProject
Global
	GlobalSection(SolutionConfigurationPlatforms) = preSolution
		Debug|Any CPU = Debug|Any CPU
		Release|Any CPU = Release|Any CPU
	EndGlobalSection
	GlobalSection(ProjectConfigurationPlatforms) = postSolution
		{A3647F0B-F5DD-473C-A9AB-91B0A9F82F4C}.Debug|Any CPU.ActiveCfg = Debug|Any CPU
		{A3647F0B-F5DD-473C-A9AB-91B0A9F82F4C}.Debug|Any CPU.Build.0 = Debug|Any CPU
		{A3647F0B-F5DD-473C-A9AB-91B0A9F82F4C}.Release|Any CPU.ActiveCfg = Release|Any CPU
		{A3647F0B-F5DD-473C-A9AB-91B0A9F82F4C}.Release|Any CPU.Build.0 = Release|Any CPU
	EndGlobalSection
	GlobalSection(SolutionProperties) = preSolution
		HideSolutionNode = FALSE
	EndGlobalSection
EndGlobal
