
Microsoft Visual Studio Solution File, Format Version 11.00
# Visual Studio 2010
Project("{8BC9CEB8-8B4A-11D0-8D11-00A0C91BC942}") = "AdoSuite", "AdoSuite.vcxproj", "{F499ACD1-0495-4677-B54D-EADF9B00C5AB}"
EndProject
Global
	GlobalSection(SolutionConfigurationPlatforms) = preSolution
		Debug|Win32 = Debug|Win32
		Debug|x64 = Debug|x64
		Release|Win32 = Release|Win32
		Release|x64 = Release|x64
		Release-X64|Win32 = Release-X64|Win32
		Release-X64|x64 = Release-X64|x64
	EndGlobalSection
	GlobalSection(ProjectConfigurationPlatforms) = postSolution
		{F499ACD1-0495-4677-B54D-EADF9B00C5AB}.Debug|Win32.ActiveCfg = Debug|Win32
		{F499ACD1-0495-4677-B54D-EADF9B00C5AB}.Debug|Win32.Build.0 = Debug|Win32
		{F499ACD1-0495-4677-B54D-EADF9B00C5AB}.Debug|x64.ActiveCfg = Debug|x64
		{F499ACD1-0495-4677-B54D-EADF9B00C5AB}.Debug|x64.Build.0 = Debug|x64
		{F499ACD1-0495-4677-B54D-EADF9B00C5AB}.Release|Win32.ActiveCfg = Release|Win32
		{F499ACD1-0495-4677-B54D-EADF9B00C5AB}.Release|Win32.Build.0 = Release|Win32
		{F499ACD1-0495-4677-B54D-EADF9B00C5AB}.Release|x64.ActiveCfg = Release|x64
		{F499ACD1-0495-4677-B54D-EADF9B00C5AB}.Release|x64.Build.0 = Release|x64
		{F499ACD1-0495-4677-B54D-EADF9B00C5AB}.Release-X64|Win32.ActiveCfg = Release-X64|Win32
		{F499ACD1-0495-4677-B54D-EADF9B00C5AB}.Release-X64|Win32.Build.0 = Release-X64|Win32
		{F499ACD1-0495-4677-B54D-EADF9B00C5AB}.Release-X64|x64.ActiveCfg = Release-X64|x64
		{F499ACD1-0495-4677-B54D-EADF9B00C5AB}.Release-X64|x64.Build.0 = Release-X64|x64
	EndGlobalSection
	GlobalSection(SolutionProperties) = preSolution
		HideSolutionNode = FALSE
	EndGlobalSection
EndGlobal
